// !$*UTF8*$!
{
	archiveVersion = 1;
	classes = {
	};
	objectVersion = 50;
	objects = {

/* Begin PBXBuildFile section */
		5D66925920F97DF60081CA7D /* Item.swift in Sources */ = {isa = PBXBuildFile; fileRef = 5D66925820F97DF60081CA7D /* Item.swift */; };
		5D66925B20F97DFF0081CA7D /* Category.swift in Sources */ = {isa = PBXBuildFile; fileRef = 5D66925A20F97DFF0081CA7D /* Category.swift */; };
		5D66925D20FAA9D90081CA7D /* RealmService.swift in Sources */ = {isa = PBXBuildFile; fileRef = 5D66925C20FAA9D90081CA7D /* RealmService.swift */; };
		5D66925F20FAD7CA0081CA7D /* SwipeTableViewController.swift in Sources */ = {isa = PBXBuildFile; fileRef = 5D66925E20FAD7CA0081CA7D /* SwipeTableViewController.swift */; };
		5DBFDA5E20F2FE6B00EF9904 /* AppDelegate.swift in Sources */ = {isa = PBXBuildFile; fileRef = 5DBFDA5D20F2FE6B00EF9904 /* AppDelegate.swift */; };
		5DBFDA6020F2FE6B00EF9904 /* TodoListViewController.swift in Sources */ = {isa = PBXBuildFile; fileRef = 5DBFDA5F20F2FE6B00EF9904 /* TodoListViewController.swift */; };
		5DBFDA6320F2FE6B00EF9904 /* Main.storyboard in Resources */ = {isa = PBXBuildFile; fileRef = 5DBFDA6120F2FE6B00EF9904 /* Main.storyboard */; };
		5DBFDA6520F2FE6D00EF9904 /* Assets.xcassets in Resources */ = {isa = PBXBuildFile; fileRef = 5DBFDA6420F2FE6D00EF9904 /* Assets.xcassets */; };
		5DBFDA6820F2FE6D00EF9904 /* LaunchScreen.storyboard in Resources */ = {isa = PBXBuildFile; fileRef = 5DBFDA6620F2FE6D00EF9904 /* LaunchScreen.storyboard */; };
		5DCB9A9020F8092300FDAD58 /* CategoryViewController.swift in Sources */ = {isa = PBXBuildFile; fileRef = 5DCB9A8F20F8092300FDAD58 /* CategoryViewController.swift */; };
		DFD77E0E6B719B4DFE33109D /* Pods_Todoey.framework in Frameworks */ = {isa = PBXBuildFile; fileRef = 54059BB97937D1AC9CC5F9CA /* Pods_Todoey.framework */; };
/* End PBXBuildFile section */

/* Begin PBXFileReference section */
		21F23DDB7B16F2E398F65EFA /* Pods-Todoey.release.xcconfig */ = {isa = PBXFileReference; includeInIndex = 1; lastKnownFileType = text.xcconfig; name = "Pods-Todoey.release.xcconfig"; path = "Pods/Target Support Files/Pods-Todoey/Pods-Todoey.release.xcconfig"; sourceTree = "<group>"; };
		54059BB97937D1AC9CC5F9CA /* Pods_Todoey.framework */ = {isa = PBXFileReference; explicitFileType = wrapper.framework; includeInIndex = 0; path = Pods_Todoey.framework; sourceTree = BUILT_PRODUCTS_DIR; };
		5D66925820F97DF60081CA7D /* Item.swift */ = {isa = PBXFileReference; lastKnownFileType = sourcecode.swift; path = Item.swift; sourceTree = "<group>"; };
		5D66925A20F97DFF0081CA7D /* Category.swift */ = {isa = PBXFileReference; lastKnownFileType = sourcecode.swift; path = Category.swift; sourceTree = "<group>"; };
		5D66925C20FAA9D90081CA7D /* RealmService.swift */ = {isa = PBXFileReference; lastKnownFileType = sourcecode.swift; path = RealmService.swift; sourceTree = "<group>"; };
		5D66925E20FAD7CA0081CA7D /* SwipeTableViewController.swift */ = {isa = PBXFileReference; lastKnownFileType = sourcecode.swift; path = SwipeTableViewController.swift; sourceTree = "<group>"; };
		5DBFDA5A20F2FE6B00EF9904 /* Todoey.app */ = {isa = PBXFileReference; explicitFileType = wrapper.application; includeInIndex = 0; path = Todoey.app; sourceTree = BUILT_PRODUCTS_DIR; };
		5DBFDA5D20F2FE6B00EF9904 /* AppDelegate.swift */ = {isa = PBXFileReference; lastKnownFileType = sourcecode.swift; path = AppDelegate.swift; sourceTree = "<group>"; };
		5DBFDA5F20F2FE6B00EF9904 /* TodoListViewController.swift */ = {isa = PBXFileReference; lastKnownFileType = sourcecode.swift; path = TodoListViewController.swift; sourceTree = "<group>"; };
		5DBFDA6220F2FE6B00EF9904 /* Base */ = {isa = PBXFileReference; lastKnownFileType = file.storyboard; name = Base; path = Base.lproj/Main.storyboard; sourceTree = "<group>"; };
		5DBFDA6420F2FE6D00EF9904 /* Assets.xcassets */ = {isa = PBXFileReference; lastKnownFileType = folder.assetcatalog; path = Assets.xcassets; sourceTree = "<group>"; };
		5DBFDA6720F2FE6D00EF9904 /* Base */ = {isa = PBXFileReference; lastKnownFileType = file.storyboard; name = Base; path = Base.lproj/LaunchScreen.storyboard; sourceTree = "<group>"; };
		5DBFDA6920F2FE6D00EF9904 /* Info.plist */ = {isa = PBXFileReference; lastKnownFileType = text.plist.xml; path = Info.plist; sourceTree = "<group>"; };
		5DCB9A8F20F8092300FDAD58 /* CategoryViewController.swift */ = {isa = PBXFileReference; lastKnownFileType = sourcecode.swift; path = CategoryViewController.swift; sourceTree = "<group>"; };
		8DAF55DEA12C8517574B23E0 /* Pods-Todoey.debug.xcconfig */ = {isa = PBXFileReference; includeInIndex = 1; lastKnownFileType = text.xcconfig; name = "Pods-Todoey.debug.xcconfig"; path = "Pods/Target Support Files/Pods-Todoey/Pods-Todoey.debug.xcconfig"; sourceTree = "<group>"; };
/* End PBXFileReference section */

/* Begin PBXFrameworksBuildPhase section */
		5DBFDA5720F2FE6B00EF9904 /* Frameworks */ = {
			isa = PBXFrameworksBuildPhase;
			buildActionMask = 2147483647;
			files = (
				DFD77E0E6B719B4DFE33109D /* Pods_Todoey.framework in Frameworks */,
			);
			runOnlyForDeploymentPostprocessing = 0;
		};
/* End PBXFrameworksBuildPhase section */

/* Begin PBXGroup section */
		5DBFDA5120F2FE6B00EF9904 = {
			isa = PBXGroup;
			children = (
				5DBFDA5C20F2FE6B00EF9904 /* Todoey */,
				5DBFDA5B20F2FE6B00EF9904 /* Products */,
				757214D16990406BD691C113 /* Pods */,
				67B3DE6AFFB3D171E563FA44 /* Frameworks */,
			);
			sourceTree = "<group>";
		};
		5DBFDA5B20F2FE6B00EF9904 /* Products */ = {
			isa = PBXGroup;
			children = (
				5DBFDA5A20F2FE6B00EF9904 /* Todoey.app */,
			);
			name = Products;
			sourceTree = "<group>";
		};
		5DBFDA5C20F2FE6B00EF9904 /* Todoey */ = {
			isa = PBXGroup;
			children = (
				5DBFDA5D20F2FE6B00EF9904 /* AppDelegate.swift */,
				5DBFDA7120F439A300EF9904 /* Data Model */,
				5DBFDA7220F439AE00EF9904 /* Controllers */,
				5DBFDA7320F439B600EF9904 /* Views */,
				5DBFDA7420F439C100EF9904 /* Supporting Files */,
				5DBFDA6920F2FE6D00EF9904 /* Info.plist */,
			);
			path = Todoey;
			sourceTree = "<group>";
		};
		5DBFDA7120F439A300EF9904 /* Data Model */ = {
			isa = PBXGroup;
			children = (
				5D66925A20F97DFF0081CA7D /* Category.swift */,
				5D66925820F97DF60081CA7D /* Item.swift */,
			);
			path = "Data Model";
			sourceTree = "<group>";
		};
		5DBFDA7220F439AE00EF9904 /* Controllers */ = {
			isa = PBXGroup;
			children = (
				5DCB9A8F20F8092300FDAD58 /* CategoryViewController.swift */,
				5D66925E20FAD7CA0081CA7D /* SwipeTableViewController.swift */,
				5DBFDA5F20F2FE6B00EF9904 /* TodoListViewController.swift */,
				5D66925C20FAA9D90081CA7D /* RealmService.swift */,
			);
			path = Controllers;
			sourceTree = "<group>";
		};
		5DBFDA7320F439B600EF9904 /* Views */ = {
			isa = PBXGroup;
			children = (
				5DBFDA6120F2FE6B00EF9904 /* Main.storyboard */,
			);
			path = Views;
			sourceTree = "<group>";
		};
		5DBFDA7420F439C100EF9904 /* Supporting Files */ = {
			isa = PBXGroup;
			children = (
				5DBFDA6420F2FE6D00EF9904 /* Assets.xcassets */,
				5DBFDA6620F2FE6D00EF9904 /* LaunchScreen.storyboard */,
			);
			path = "Supporting Files";
			sourceTree = "<group>";
		};
		67B3DE6AFFB3D171E563FA44 /* Frameworks */ = {
			isa = PBXGroup;
			children = (
				54059BB97937D1AC9CC5F9CA /* Pods_Todoey.framework */,
			);
			name = Frameworks;
			sourceTree = "<group>";
		};
		757214D16990406BD691C113 /* Pods */ = {
			isa = PBXGroup;
			children = (
				8DAF55DEA12C8517574B23E0 /* Pods-Todoey.debug.xcconfig */,
				21F23DDB7B16F2E398F65EFA /* Pods-Todoey.release.xcconfig */,
			);
			name = Pods;
			sourceTree = "<group>";
		};
/* End PBXGroup section */

/* Begin PBXNativeTarget section */
		5DBFDA5920F2FE6B00EF9904 /* Todoey */ = {
			isa = PBXNativeTarget;
			buildConfigurationList = 5DBFDA6C20F2FE6D00EF9904 /* Build configuration list for PBXNativeTarget "Todoey" */;
			buildPhases = (
				40AD0B9804A90E429E301A54 /* [CP] Check Pods Manifest.lock */,
				5DBFDA5620F2FE6B00EF9904 /* Sources */,
				5DBFDA5720F2FE6B00EF9904 /* Frameworks */,
				5DBFDA5820F2FE6B00EF9904 /* Resources */,
				85086E1CE343BABB22AEC8E9 /* [CP] Embed Pods Frameworks */,
			);
			buildRules = (
			);
			dependencies = (
			);
			name = Todoey;
			productName = Todoey;
			productReference = 5DBFDA5A20F2FE6B00EF9904 /* Todoey.app */;
			productType = "com.apple.product-type.application";
		};
/* End PBXNativeTarget section */

/* Begin PBXProject section */
		5DBFDA5220F2FE6B00EF9904 /* Project object */ = {
			isa = PBXProject;
			attributes = {
				LastSwiftUpdateCheck = 0940;
				LastUpgradeCheck = 0940;
				ORGANIZATIONNAME = "Seth Mosgin";
				TargetAttributes = {
					5DBFDA5920F2FE6B00EF9904 = {
						CreatedOnToolsVersion = 9.4.1;
					};
				};
			};
			buildConfigurationList = 5DBFDA5520F2FE6B00EF9904 /* Build configuration list for PBXProject "Todoey" */;
			compatibilityVersion = "Xcode 9.3";
			developmentRegion = en;
			hasScannedForEncodings = 0;
			knownRegions = (
				en,
				Base,
			);
			mainGroup = 5DBFDA5120F2FE6B00EF9904;
			productRefGroup = 5DBFDA5B20F2FE6B00EF9904 /* Products */;
			projectDirPath = "";
			projectRoot = "";
			targets = (
				5DBFDA5920F2FE6B00EF9904 /* Todoey */,
			);
		};
/* End PBXProject section */

/* Begin PBXResourcesBuildPhase section */
		5DBFDA5820F2FE6B00EF9904 /* Resources */ = {
			isa = PBXResourcesBuildPhase;
			buildActionMask = 2147483647;
			files = (
				5DBFDA6820F2FE6D00EF9904 /* LaunchScreen.storyboard in Resources */,
				5DBFDA6520F2FE6D00EF9904 /* Assets.xcassets in Resources */,
				5DBFDA6320F2FE6B00EF9904 /* Main.storyboard in Resources */,
			);
			runOnlyForDeploymentPostprocessing = 0;
		};
/* End PBXResourcesBuildPhase section */

/* Begin PBXShellScriptBuildPhase section */
		40AD0B9804A90E429E301A54 /* [CP] Check Pods Manifest.lock */ = {
			isa = PBXShellScriptBuildPhase;
			buildActionMask = 2147483647;
			files = (
			);
			inputPaths = (
				"${PODS_PODFILE_DIR_PATH}/Podfile.lock",
				"${PODS_ROOT}/Manifest.lock",
			);
			name = "[CP] Check Pods Manifest.lock";
			outputPaths = (
				"$(DERIVED_FILE_DIR)/Pods-Todoey-checkManifestLockResult.txt",
			);
			runOnlyForDeploymentPostprocessing = 0;
			shellPath = /bin/sh;
			shellScript = "diff \"${PODS_PODFILE_DIR_PATH}/Podfile.lock\" \"${PODS_ROOT}/Manifest.lock\" > /dev/null\nif [ $? != 0 ] ; then\n    # print error to STDERR\n    echo \"error: The sandbox is not in sync with the Podfile.lock. Run 'pod install' or update your CocoaPods installation.\" >&2\n    exit 1\nfi\n# This output is used by Xcode 'outputs' to avoid re-running this script phase.\necho \"SUCCESS\" > \"${SCRIPT_OUTPUT_FILE_0}\"\n";
			showEnvVarsInLog = 0;
		};
		85086E1CE343BABB22AEC8E9 /* [CP] Embed Pods Frameworks */ = {
			isa = PBXShellScriptBuildPhase;
			buildActionMask = 2147483647;
			files = (
			);
			inputPaths = (
				"${SRCROOT}/Pods/Target Support Files/Pods-Todoey/Pods-Todoey-frameworks.sh",
				"${BUILT_PRODUCTS_DIR}/ChameleonFramework/ChameleonFramework.framework",
				"${BUILT_PRODUCTS_DIR}/Realm/Realm.framework",
				"${BUILT_PRODUCTS_DIR}/RealmSwift/RealmSwift.framework",
				"${BUILT_PRODUCTS_DIR}/SwipeCellKit/SwipeCellKit.framework",
			);
			name = "[CP] Embed Pods Frameworks";
			outputPaths = (
				"${TARGET_BUILD_DIR}/${FRAMEWORKS_FOLDER_PATH}/ChameleonFramework.framework",
				"${TARGET_BUILD_DIR}/${FRAMEWORKS_FOLDER_PATH}/Realm.framework",
				"${TARGET_BUILD_DIR}/${FRAMEWORKS_FOLDER_PATH}/RealmSwift.framework",
				"${TARGET_BUILD_DIR}/${FRAMEWORKS_FOLDER_PATH}/SwipeCellKit.framework",
			);
			runOnlyForDeploymentPostprocessing = 0;
			shellPath = /bin/sh;
			shellScript = "\"${SRCROOT}/Pods/Target Support Files/Pods-Todoey/Pods-Todoey-frameworks.sh\"\n";
			showEnvVarsInLog = 0;
		};
/* End PBXShellScriptBuildPhase section */

/* Begin PBXSourcesBuildPhase section */
		5DBFDA5620F2FE6B00EF9904 /* Sources */ = {
			isa = PBXSourcesBuildPhase;
			buildActionMask = 2147483647;
			files = (
				5D66925920F97DF60081CA7D /* Item.swift in Sources */,
				5D66925D20FAA9D90081CA7D /* RealmService.swift in Sources */,
				5DCB9A9020F8092300FDAD58 /* CategoryViewController.swift in Sources */,
				5D66925F20FAD7CA0081CA7D /* SwipeTableViewController.swift in Sources */,
				5DBFDA6020F2FE6B00EF9904 /* TodoListViewController.swift in Sources */,
				5DBFDA5E20F2FE6B00EF9904 /* AppDelegate.swift in Sources */,
				5D66925B20F97DFF0081CA7D /* Category.swift in Sources */,
			);
			runOnlyForDeploymentPostprocessing = 0;
		};
/* End PBXSourcesBuildPhase section */

/* Begin PBXVariantGroup section */
		5DBFDA6120F2FE6B00EF9904 /* Main.storyboard */ = {
			isa = PBXVariantGroup;
			children = (
				5DBFDA6220F2FE6B00EF9904 /* Base */,
			);
			name = Main.storyboard;
			sourceTree = "<group>";
		};
		5DBFDA6620F2FE6D00EF9904 /* LaunchScreen.storyboard */ = {
			isa = PBXVariantGroup;
			children = (
				5DBFDA6720F2FE6D00EF9904 /* Base */,
			);
			name = LaunchScreen.storyboard;
			sourceTree = "<group>";
		};
/* End PBXVariantGroup section */

/* Begin XCBuildConfiguration section */
		5DBFDA6A20F2FE6D00EF9904 /* Debug */ = {
			isa = XCBuildConfiguration;
			buildSettings = {
				ALWAYS_SEARCH_USER_PATHS = NO;
				CLANG_ANALYZER_NONNULL = YES;
				CLANG_ANALYZER_NUMBER_OBJECT_CONVERSION = YES_AGGRESSIVE;
				CLANG_CXX_LANGUAGE_STANDARD = "gnu++14";
				CLANG_CXX_LIBRARY = "libc++";
				CLANG_ENABLE_MODULES = YES;
				CLANG_ENABLE_OBJC_ARC = YES;
				CLANG_ENABLE_OBJC_WEAK = YES;
				CLANG_WARN_BLOCK_CAPTURE_AUTORELEASING = YES;
				CLANG_WARN_BOOL_CONVERSION = YES;
				CLANG_WARN_COMMA = YES;
				CLANG_WARN_CONSTANT_CONVERSION = YES;
				CLANG_WARN_DEPRECATED_OBJC_IMPLEMENTATIONS = YES;
				CLANG_WARN_DIRECT_OBJC_ISA_USAGE = YES_ERROR;
				CLANG_WARN_DOCUMENTATION_COMMENTS = YES;
				CLANG_WARN_EMPTY_BODY = YES;
				CLANG_WARN_ENUM_CONVERSION = YES;
				CLANG_WARN_INFINITE_RECURSION = YES;
				CLANG_WARN_INT_CONVERSION = YES;
				CLANG_WARN_NON_LITERAL_NULL_CONVERSION = YES;
				CLANG_WARN_OBJC_IMPLICIT_RETAIN_SELF = YES;
				CLANG_WARN_OBJC_LITERAL_CONVERSION = YES;
				CLANG_WARN_OBJC_ROOT_CLASS = YES_ERROR;
				CLANG_WARN_RANGE_LOOP_ANALYSIS = YES;
				CLANG_WARN_STRICT_PROTOTYPES = YES;
				CLANG_WARN_SUSPICIOUS_MOVE = YES;
				CLANG_WARN_UNGUARDED_AVAILABILITY = YES_AGGRESSIVE;
				CLANG_WARN_UNREACHABLE_CODE = YES;
				CLANG_WARN__DUPLICATE_METHOD_MATCH = YES;
				CODE_SIGN_IDENTITY = "iPhone Developer";
				COPY_PHASE_STRIP = NO;
				DEBUG_INFORMATION_FORMAT = dwarf;
				ENABLE_STRICT_OBJC_MSGSEND = YES;
				ENABLE_TESTABILITY = YES;
				GCC_C_LANGUAGE_STANDARD = gnu11;
				GCC_DYNAMIC_NO_PIC = NO;
				GCC_NO_COMMON_BLOCKS = YES;
				GCC_OPTIMIZATION_LEVEL = 0;
				GCC_PREPROCESSOR_DEFINITIONS = (
					"DEBUG=1",
					"$(inherited)",
				);
				GCC_WARN_64_TO_32_BIT_CONVERSION = YES;
				GCC_WARN_ABOUT_RETURN_TYPE = YES_ERROR;
				GCC_WARN_UNDECLARED_SELECTOR = YES;
				GCC_WARN_UNINITIALIZED_AUTOS = YES_AGGRESSIVE;
				GCC_WARN_UNUSED_FUNCTION = YES;
				GCC_WARN_UNUSED_VARIABLE = YES;
				IPHONEOS_DEPLOYMENT_TARGET = 11.4;
				MTL_ENABLE_DEBUG_INFO = YES;
				ONLY_ACTIVE_ARCH = YES;
				SDKROOT = iphoneos;
				SWIFT_ACTIVE_COMPILATION_CONDITIONS = DEBUG;
				SWIFT_OPTIMIZATION_LEVEL = "-Onone";
			};
			name = Debug;
		};
		5DBFDA6B20F2FE6D00EF9904 /* Release */ = {
			isa = XCBuildConfiguration;
			buildSettings = {
				ALWAYS_SEARCH_USER_PATHS = NO;
				CLANG_ANALYZER_NONNULL = YES;
				CLANG_ANALYZER_NUMBER_OBJECT_CONVERSION = YES_AGGRESSIVE;
				CLANG_CXX_LANGUAGE_STANDARD = "gnu++14";
				CLANG_CXX_LIBRARY = "libc++";
				CLANG_ENABLE_MODULES = YES;
				CLANG_ENABLE_OBJC_ARC = YES;
				CLANG_ENABLE_OBJC_WEAK = YES;
				CLANG_WARN_BLOCK_CAPTURE_AUTORELEASING = YES;
				CLANG_WARN_BOOL_CONVERSION = YES;
				CLANG_WARN_COMMA = YES;
				CLANG_WARN_CONSTANT_CONVERSION = YES;
				CLANG_WARN_DEPRECATED_OBJC_IMPLEMENTATIONS = YES;
				CLANG_WARN_DIRECT_OBJC_ISA_USAGE = YES_ERROR;
				CLANG_WARN_DOCUMENTATION_COMMENTS = YES;
				CLANG_WARN_EMPTY_BODY = YES;
				CLANG_WARN_ENUM_CONVERSION = YES;
				CLANG_WARN_INFINITE_RECURSION = YES;
				CLANG_WARN_INT_CONVERSION = YES;
				CLANG_WARN_NON_LITERAL_NULL_CONVERSION = YES;
				CLANG_WARN_OBJC_IMPLICIT_RETAIN_SELF = YES;
				CLANG_WARN_OBJC_LITERAL_CONVERSION = YES;
				CLANG_WARN_OBJC_ROOT_CLASS = YES_ERROR;
				CLANG_WARN_RANGE_LOOP_ANALYSIS = YES;
				CLANG_WARN_STRICT_PROTOTYPES = YES;
				CLANG_WARN_SUSPICIOUS_MOVE = YES;
				CLANG_WARN_UNGUARDED_AVAILABILITY = YES_AGGRESSIVE;
				CLANG_WARN_UNREACHABLE_CODE = YES;
				CLANG_WARN__DUPLICATE_METHOD_MATCH = YES;
				CODE_SIGN_IDENTITY = "iPhone Developer";
				COPY_PHASE_STRIP = NO;
				DEBUG_INFORMATION_FORMAT = "dwarf-with-dsym";
				ENABLE_NS_ASSERTIONS = NO;
				ENABLE_STRICT_OBJC_MSGSEND = YES;
				GCC_C_LANGUAGE_STANDARD = gnu11;
				GCC_NO_COMMON_BLOCKS = YES;
				GCC_WARN_64_TO_32_BIT_CONVERSION = YES;
				GCC_WARN_ABOUT_RETURN_TYPE = YES_ERROR;
				GCC_WARN_UNDECLARED_SELECTOR = YES;
				GCC_WARN_UNINITIALIZED_AUTOS = YES_AGGRESSIVE;
				GCC_WARN_UNUSED_FUNCTION = YES;
				GCC_WARN_UNUSED_VARIABLE = YES;
				IPHONEOS_DEPLOYMENT_TARGET = 11.4;
				MTL_ENABLE_DEBUG_INFO = NO;
				SDKROOT = iphoneos;
				SWIFT_COMPILATION_MODE = wholemodule;
				SWIFT_OPTIMIZATION_LEVEL = "-O";
				VALIDATE_PRODUCT = YES;
			};
			name = Release;
		};
		5DBFDA6D20F2FE6D00EF9904 /* Debug */ = {
			isa = XCBuildConfiguration;
			baseConfigurationReference = 8DAF55DEA12C8517574B23E0 /* Pods-Todoey.debug.xcconfig */;
			buildSettings = {
				ASSETCATALOG_COMPILER_APPICON_NAME = AppIcon;
				CODE_SIGN_STYLE = Automatic;
				DEVELOPMENT_TEAM = Q97T54E4FJ;
				INFOPLIST_FILE = Todoey/Info.plist;
				LD_RUNPATH_SEARCH_PATHS = (
					"$(inherited)",
					"@executable_path/Frameworks",
				);
				PRODUCT_BUNDLE_IDENTIFIER = com.sethmosgin.Todoey;
				PRODUCT_NAME = "$(TARGET_NAME)";
				SWIFT_VERSION = 4.0;
				TARGETED_DEVICE_FAMILY = "1,2";
			};
			name = Debug;
		};
		5DBFDA6E20F2FE6D00EF9904 /* Release */ = {
			isa = XCBuildConfiguration;
			baseConfigurationReference = 21F23DDB7B16F2E398F65EFA /* Pods-Todoey.release.xcconfig */;
			buildSettings = {
				ASSETCATALOG_COMPILER_APPICON_NAME = AppIcon;
				CODE_SIGN_STYLE = Automatic;
				DEVELOPMENT_TEAM = Q97T54E4FJ;
				INFOPLIST_FILE = Todoey/Info.plist;
				LD_RUNPATH_SEARCH_PATHS = (
					"$(inherited)",
					"@executable_path/Frameworks",
				);
				PRODUCT_BUNDLE_IDENTIFIER = com.sethmosgin.Todoey;
				PRODUCT_NAME = "$(TARGET_NAME)";
				SWIFT_VERSION = 4.0;
				TARGETED_DEVICE_FAMILY = "1,2";
			};
			name = Release;
		};
/* End XCBuildConfiguration section */

/* Begin XCConfigurationList section */
		5DBFDA5520F2FE6B00EF9904 /* Build configuration list for PBXProject "Todoey" */ = {
			isa = XCConfigurationList;
			buildConfigurations = (
				5DBFDA6A20F2FE6D00EF9904 /* Debug */,
				5DBFDA6B20F2FE6D00EF9904 /* Release */,
			);
			defaultConfigurationIsVisible = 0;
			defaultConfigurationName = Release;
		};
		5DBFDA6C20F2FE6D00EF9904 /* Build configuration list for PBXNativeTarget "Todoey" */ = {
			isa = XCConfigurationList;
			buildConfigurations = (
				5DBFDA6D20F2FE6D00EF9904 /* Debug */,
				5DBFDA6E20F2FE6D00EF9904 /* Release */,
			);
			defaultConfigurationIsVisible = 0;
			defaultConfigurationName = Release;
		};
/* End XCConfigurationList section */
	};
	rootObject = 5DBFDA5220F2FE6B00EF9904 /* Project object */;
}
